// !$*UTF8*$!
{
	archiveVersion = 1;
	classes = {
	};
	objectVersion = 46;
	objects = {

/* Begin PBXBuildFile section */
		4780D01D1A43A03100E43757 /* AppDelegate.swift in Sources */ = {isa = PBXBuildFile; fileRef = 4780D01C1A43A03100E43757 /* AppDelegate.swift */; };
		4780D01F1A43A03100E43757 /* ViewController.swift in Sources */ = {isa = PBXBuildFile; fileRef = 4780D01E1A43A03100E43757 /* ViewController.swift */; };
		4780D0221A43A03100E43757 /* Main.storyboard in Resources */ = {isa = PBXBuildFile; fileRef = 4780D0201A43A03100E43757 /* Main.storyboard */; };
		4780D0241A43A03100E43757 /* Images.xcassets in Resources */ = {isa = PBXBuildFile; fileRef = 4780D0231A43A03100E43757 /* Images.xcassets */; };
		4780D0271A43A03100E43757 /* LaunchScreen.xib in Resources */ = {isa = PBXBuildFile; fileRef = 4780D0251A43A03100E43757 /* LaunchScreen.xib */; };
		4780D0331A43A03100E43757 /* SwiftPopTipViewTests.swift in Sources */ = {isa = PBXBuildFile; fileRef = 4780D0321A43A03100E43757 /* SwiftPopTipViewTests.swift */; };
		4780D03D1A43A05100E43757 /* SwiftPopTipView.swift in Sources */ = {isa = PBXBuildFile; fileRef = 4780D03C1A43A05100E43757 /* SwiftPopTipView.swift */; };
/* End PBXBuildFile section */

/* Begin PBXContainerItemProxy section */
		4780D02D1A43A03100E43757 /* PBXContainerItemProxy */ = {
			isa = PBXContainerItemProxy;
			containerPortal = 4780D00F1A43A03100E43757 /* Project object */;
			proxyType = 1;
			remoteGlobalIDString = 4780D0161A43A03100E43757;
			remoteInfo = SwiftPopTipView;
		};
/* End PBXContainerItemProxy section */

/* Begin PBXFileReference section */
		4780D0171A43A03100E43757 /* SwiftPopTipView.app */ = {isa = PBXFileReference; explicitFileType = wrapper.application; includeInIndex = 0; path = SwiftPopTipView.app; sourceTree = BUILT_PRODUCTS_DIR; };
		4780D01B1A43A03100E43757 /* Info.plist */ = {isa = PBXFileReference; lastKnownFileType = text.plist.xml; path = Info.plist; sourceTree = "<group>"; };
		4780D01C1A43A03100E43757 /* AppDelegate.swift */ = {isa = PBXFileReference; lastKnownFileType = sourcecode.swift; path = AppDelegate.swift; sourceTree = "<group>"; };
		4780D01E1A43A03100E43757 /* ViewController.swift */ = {isa = PBXFileReference; lastKnownFileType = sourcecode.swift; path = ViewController.swift; sourceTree = "<group>"; };
		4780D0211A43A03100E43757 /* Base */ = {isa = PBXFileReference; lastKnownFileType = file.storyboard; name = Base; path = Base.lproj/Main.storyboard; sourceTree = "<group>"; };
		4780D0231A43A03100E43757 /* Images.xcassets */ = {isa = PBXFileReference; lastKnownFileType = folder.assetcatalog; path = Images.xcassets; sourceTree = "<group>"; };
		4780D0261A43A03100E43757 /* Base */ = {isa = PBXFileReference; lastKnownFileType = file.xib; name = Base; path = Base.lproj/LaunchScreen.xib; sourceTree = "<group>"; };
		4780D02C1A43A03100E43757 /* SwiftPopTipViewTests.xctest */ = {isa = PBXFileReference; explicitFileType = wrapper.cfbundle; includeInIndex = 0; path = SwiftPopTipViewTests.xctest; sourceTree = BUILT_PRODUCTS_DIR; };
		4780D0311A43A03100E43757 /* Info.plist */ = {isa = PBXFileReference; lastKnownFileType = text.plist.xml; path = Info.plist; sourceTree = "<group>"; };
		4780D0321A43A03100E43757 /* SwiftPopTipViewTests.swift */ = {isa = PBXFileReference; lastKnownFileType = sourcecode.swift; path = SwiftPopTipViewTests.swift; sourceTree = "<group>"; };
		4780D03C1A43A05100E43757 /* SwiftPopTipView.swift */ = {isa = PBXFileReference; fileEncoding = 4; lastKnownFileType = sourcecode.swift; path = SwiftPopTipView.swift; sourceTree = "<group>"; };
/* End PBXFileReference section */

/* Begin PBXFrameworksBuildPhase section */
		4780D0141A43A03100E43757 /* Frameworks */ = {
			isa = PBXFrameworksBuildPhase;
			buildActionMask = 2147483647;
			files = (
			);
			runOnlyForDeploymentPostprocessing = 0;
		};
		4780D0291A43A03100E43757 /* Frameworks */ = {
			isa = PBXFrameworksBuildPhase;
			buildActionMask = 2147483647;
			files = (
			);
			runOnlyForDeploymentPostprocessing = 0;
		};
/* End PBXFrameworksBuildPhase section */

/* Begin PBXGroup section */
		4780D00E1A43A03100E43757 = {
			isa = PBXGroup;
			children = (
				4780D0191A43A03100E43757 /* SwiftPopTipView */,
				4780D02F1A43A03100E43757 /* SwiftPopTipViewTests */,
				4780D0181A43A03100E43757 /* Products */,
			);
			sourceTree = "<group>";
		};
		4780D0181A43A03100E43757 /* Products */ = {
			isa = PBXGroup;
			children = (
				4780D0171A43A03100E43757 /* SwiftPopTipView.app */,
				4780D02C1A43A03100E43757 /* SwiftPopTipViewTests.xctest */,
			);
			name = Products;
			sourceTree = "<group>";
		};
		4780D0191A43A03100E43757 /* SwiftPopTipView */ = {
			isa = PBXGroup;
			children = (
				4780D01C1A43A03100E43757 /* AppDelegate.swift */,
				4780D01E1A43A03100E43757 /* ViewController.swift */,
				4780D03C1A43A05100E43757 /* SwiftPopTipView.swift */,
				4780D0201A43A03100E43757 /* Main.storyboard */,
				4780D0231A43A03100E43757 /* Images.xcassets */,
				4780D0251A43A03100E43757 /* LaunchScreen.xib */,
				4780D01A1A43A03100E43757 /* Supporting Files */,
			);
			path = SwiftPopTipView;
			sourceTree = "<group>";
		};
		4780D01A1A43A03100E43757 /* Supporting Files */ = {
			isa = PBXGroup;
			children = (
				4780D01B1A43A03100E43757 /* Info.plist */,
			);
			name = "Supporting Files";
			sourceTree = "<group>";
		};
		4780D02F1A43A03100E43757 /* SwiftPopTipViewTests */ = {
			isa = PBXGroup;
			children = (
				4780D0321A43A03100E43757 /* SwiftPopTipViewTests.swift */,
				4780D0301A43A03100E43757 /* Supporting Files */,
			);
			path = SwiftPopTipViewTests;
			sourceTree = "<group>";
		};
		4780D0301A43A03100E43757 /* Supporting Files */ = {
			isa = PBXGroup;
			children = (
				4780D0311A43A03100E43757 /* Info.plist */,
			);
			name = "Supporting Files";
			sourceTree = "<group>";
		};
/* End PBXGroup section */

/* Begin PBXNativeTarget section */
		4780D0161A43A03100E43757 /* SwiftPopTipView */ = {
			isa = PBXNativeTarget;
			buildConfigurationList = 4780D0361A43A03100E43757 /* Build configuration list for PBXNativeTarget "SwiftPopTipView" */;
			buildPhases = (
				4780D0131A43A03100E43757 /* Sources */,
				4780D0141A43A03100E43757 /* Frameworks */,
				4780D0151A43A03100E43757 /* Resources */,
			);
			buildRules = (
			);
			dependencies = (
			);
			name = SwiftPopTipView;
			productName = SwiftPopTipView;
			productReference = 4780D0171A43A03100E43757 /* SwiftPopTipView.app */;
			productType = "com.apple.product-type.application";
		};
		4780D02B1A43A03100E43757 /* SwiftPopTipViewTests */ = {
			isa = PBXNativeTarget;
			buildConfigurationList = 4780D0391A43A03100E43757 /* Build configuration list for PBXNativeTarget "SwiftPopTipViewTests" */;
			buildPhases = (
				4780D0281A43A03100E43757 /* Sources */,
				4780D0291A43A03100E43757 /* Frameworks */,
				4780D02A1A43A03100E43757 /* Resources */,
			);
			buildRules = (
			);
			dependencies = (
				4780D02E1A43A03100E43757 /* PBXTargetDependency */,
			);
			name = SwiftPopTipViewTests;
			productName = SwiftPopTipViewTests;
			productReference = 4780D02C1A43A03100E43757 /* SwiftPopTipViewTests.xctest */;
			productType = "com.apple.product-type.bundle.unit-test";
		};
/* End PBXNativeTarget section */

/* Begin PBXProject section */
		4780D00F1A43A03100E43757 /* Project object */ = {
			isa = PBXProject;
			attributes = {
				LastUpgradeCheck = 0610;
				ORGANIZATIONNAME = "Mihael Isaev inc.";
				TargetAttributes = {
					4780D0161A43A03100E43757 = {
						CreatedOnToolsVersion = 6.1.1;
						LastSwiftMigration = 0800;
					};
					4780D02B1A43A03100E43757 = {
						CreatedOnToolsVersion = 6.1.1;
						LastSwiftMigration = 0800;
						TestTargetID = 4780D0161A43A03100E43757;
					};
				};
			};
			buildConfigurationList = 4780D0121A43A03100E43757 /* Build configuration list for PBXProject "SwiftPopTipView" */;
			compatibilityVersion = "Xcode 3.2";
			developmentRegion = English;
			hasScannedForEncodings = 0;
			knownRegions = (
				en,
				Base,
			);
			mainGroup = 4780D00E1A43A03100E43757;
			productRefGroup = 4780D0181A43A03100E43757 /* Products */;
			projectDirPath = "";
			projectRoot = "";
			targets = (
				4780D0161A43A03100E43757 /* SwiftPopTipView */,
				4780D02B1A43A03100E43757 /* SwiftPopTipViewTests */,
			);
		};
/* End PBXProject section */

/* Begin PBXResourcesBuildPhase section */
		4780D0151A43A03100E43757 /* Resources */ = {
			isa = PBXResourcesBuildPhase;
			buildActionMask = 2147483647;
			files = (
				4780D0221A43A03100E43757 /* Main.storyboard in Resources */,
				4780D0271A43A03100E43757 /* LaunchScreen.xib in Resources */,
				4780D0241A43A03100E43757 /* Images.xcassets in Resources */,
			);
			runOnlyForDeploymentPostprocessing = 0;
		};
		4780D02A1A43A03100E43757 /* Resources */ = {
			isa = PBXResourcesBuildPhase;
			buildActionMask = 2147483647;
			files = (
			);
			runOnlyForDeploymentPostprocessing = 0;
		};
/* End PBXResourcesBuildPhase section */

/* Begin PBXSourcesBuildPhase section */
		4780D0131A43A03100E43757 /* Sources */ = {
			isa = PBXSourcesBuildPhase;
			buildActionMask = 2147483647;
			files = (
				4780D01F1A43A03100E43757 /* ViewController.swift in Sources */,
				4780D03D1A43A05100E43757 /* SwiftPopTipView.swift in Sources */,
				4780D01D1A43A03100E43757 /* AppDelegate.swift in Sources */,
			);
			runOnlyForDeploymentPostprocessing = 0;
		};
		4780D0281A43A03100E43757 /* Sources */ = {
			isa = PBXSourcesBuildPhase;
			buildActionMask = 2147483647;
			files = (
				4780D0331A43A03100E43757 /* SwiftPopTipViewTests.swift in Sources */,
			);
			runOnlyForDeploymentPostprocessing = 0;
		};
/* End PBXSourcesBuildPhase section */

/* Begin PBXTargetDependency section */
		4780D02E1A43A03100E43757 /* PBXTargetDependency */ = {
			isa = PBXTargetDependency;
			target = 4780D0161A43A03100E43757 /* SwiftPopTipView */;
			targetProxy = 4780D02D1A43A03100E43757 /* PBXContainerItemProxy */;
		};
/* End PBXTargetDependency section */

/* Begin PBXVariantGroup section */
		4780D0201A43A03100E43757 /* Main.storyboard */ = {
			isa = PBXVariantGroup;
			children = (
				4780D0211A43A03100E43757 /* Base */,
			);
			name = Main.storyboard;
			sourceTree = "<group>";
		};
		4780D0251A43A03100E43757 /* LaunchScreen.xib */ = {
			isa = PBXVariantGroup;
			children = (
				4780D0261A43A03100E43757 /* Base */,
			);
			name = LaunchScreen.xib;
			sourceTree = "<group>";
		};
/* End PBXVariantGroup section */

/* Begin XCBuildConfiguration section */
		4780D0341A43A03100E43757 /* Debug */ = {
			isa = XCBuildConfiguration;
			buildSettings = {
				ALWAYS_SEARCH_USER_PATHS = NO;
				CLANG_CXX_LANGUAGE_STANDARD = "gnu++0x";
				CLANG_CXX_LIBRARY = "libc++";
				CLANG_ENABLE_MODULES = YES;
				CLANG_ENABLE_OBJC_ARC = YES;
				CLANG_WARN_BOOL_CONVERSION = YES;
				CLANG_WARN_CONSTANT_CONVERSION = YES;
				CLANG_WARN_DIRECT_OBJC_ISA_USAGE = YES_ERROR;
				CLANG_WARN_EMPTY_BODY = YES;
				CLANG_WARN_ENUM_CONVERSION = YES;
				CLANG_WARN_INT_CONVERSION = YES;
				CLANG_WARN_OBJC_ROOT_CLASS = YES_ERROR;
				CLANG_WARN_UNREACHABLE_CODE = YES;
				CLANG_WARN__DUPLICATE_METHOD_MATCH = YES;
				"CODE_SIGN_IDENTITY[sdk=iphoneos*]" = "iPhone Developer";
				COPY_PHASE_STRIP = NO;
				ENABLE_STRICT_OBJC_MSGSEND = YES;
				GCC_C_LANGUAGE_STANDARD = gnu99;
				GCC_DYNAMIC_NO_PIC = NO;
				GCC_OPTIMIZATION_LEVEL = 0;
				GCC_PREPROCESSOR_DEFINITIONS = (
					"DEBUG=1",
					"$(inherited)",
				);
				GCC_SYMBOLS_PRIVATE_EXTERN = NO;
				GCC_WARN_64_TO_32_BIT_CONVERSION = YES;
				GCC_WARN_ABOUT_RETURN_TYPE = YES_ERROR;
				GCC_WARN_UNDECLARED_SELECTOR = YES;
				GCC_WARN_UNINITIALIZED_AUTOS = YES_AGGRESSIVE;
				GCC_WARN_UNUSED_FUNCTION = YES;
				GCC_WARN_UNUSED_VARIABLE = YES;
				IPHONEOS_DEPLOYMENT_TARGET = 8.1;
				MTL_ENABLE_DEBUG_INFO = YES;
				ONLY_ACTIVE_ARCH = YES;
				SDKROOT = iphoneos;
				SWIFT_OPTIMIZATION_LEVEL = "-Onone";
				TARGETED_DEVICE_FAMILY = "1,2";
			};
			name = Debug;
		};
		4780D0351A43A03100E43757 /* Release */ = {
			isa = XCBuildConfiguration;
			buildSettings = {
				ALWAYS_SEARCH_USER_PATHS = NO;
				CLANG_CXX_LANGUAGE_STANDARD = "gnu++0x";
				CLANG_CXX_LIBRARY = "libc++";
				CLANG_ENABLE_MODULES = YES;
				CLANG_ENABLE_OBJC_ARC = YES;
				CLANG_WARN_BOOL_CONVERSION = YES;
				CLANG_WARN_CONSTANT_CONVERSION = YES;
				CLANG_WARN_DIRECT_OBJC_ISA_USAGE = YES_ERROR;
				CLANG_WARN_EMPTY_BODY = YES;
				CLANG_WARN_ENUM_CONVERSION = YES;
				CLANG_WARN_INT_CONVERSION = YES;
				CLANG_WARN_OBJC_ROOT_CLASS = YES_ERROR;
				CLANG_WARN_UNREACHABLE_CODE = YES;
				CLANG_WARN__DUPLICATE_METHOD_MATCH = YES;
				"CODE_SIGN_IDENTITY[sdk=iphoneos*]" = "iPhone Developer";
				COPY_PHASE_STRIP = YES;
				ENABLE_NS_ASSERTIONS = NO;
				ENABLE_STRICT_OBJC_MSGSEND = YES;
				GCC_C_LANGUAGE_STANDARD = gnu99;
				GCC_WARN_64_TO_32_BIT_CONVERSION = YES;
				GCC_WARN_ABOUT_RETURN_TYPE = YES_ERROR;
				GCC_WARN_UNDECLARED_SELECTOR = YES;
				GCC_WARN_UNINITIALIZED_AUTOS = YES_AGGRESSIVE;
				GCC_WARN_UNUSED_FUNCTION = YES;
				GCC_WARN_UNUSED_VARIABLE = YES;
				IPHONEOS_DEPLOYMENT_TARGET = 8.1;
				MTL_ENABLE_DEBUG_INFO = NO;
				SDKROOT = iphoneos;
				TARGETED_DEVICE_FAMILY = "1,2";
				VALIDATE_PRODUCT = YES;
			};
			name = Release;
		};
		4780D0371A43A03100E43757 /* Debug */ = {
			isa = XCBuildConfiguration;
			buildSettings = {
				ASSETCATALOG_COMPILER_APPICON_NAME = AppIcon;
				INFOPLIST_FILE = SwiftPopTipView/Info.plist;
				IPHONEOS_DEPLOYMENT_TARGET = 8.1;
				LD_RUNPATH_SEARCH_PATHS = "$(inherited) @executable_path/Frameworks";
				PRODUCT_NAME = "$(TARGET_NAME)";
				SWIFT_VERSION = 3.0;
			};
			name = Debug;
		};
		4780D0381A43A03100E43757 /* Release */ = {
			isa = XCBuildConfiguration;
			buildSettings = {
				ASSETCATALOG_COMPILER_APPICON_NAME = AppIcon;
				INFOPLIST_FILE = SwiftPopTipView/Info.plist;
				IPHONEOS_DEPLOYMENT_TARGET = 8.1;
				LD_RUNPATH_SEARCH_PATHS = "$(inherited) @executable_path/Frameworks";
				PRODUCT_NAME = "$(TARGET_NAME)";
				SWIFT_VERSION = 3.0;
			};
			name = Release;
		};
		4780D03A1A43A03100E43757 /* Debug */ = {
			isa = XCBuildConfiguration;
			buildSettings = {
				BUNDLE_LOADER = "$(TEST_HOST)";
				FRAMEWORK_SEARCH_PATHS = (
					"$(SDKROOT)/Developer/Library/Frameworks",
					"$(inherited)",
				);
				GCC_PREPROCESSOR_DEFINITIONS = (
					"DEBUG=1",
					"$(inherited)",
				);
				INFOPLIST_FILE = SwiftPopTipViewTests/Info.plist;
				LD_RUNPATH_SEARCH_PATHS = "$(inherited) @executable_path/Frameworks @loader_path/Frameworks";
				PRODUCT_NAME = "$(TARGET_NAME)";
				SWIFT_VERSION = 3.0;
				TEST_HOST = "$(BUILT_PRODUCTS_DIR)/SwiftPopTipView.app/SwiftPopTipView";
			};
			name = Debug;
		};
		4780D03B1A43A03100E43757 /* Release */ = {
			isa = XCBuildConfiguration;
			buildSettings = {
				BUNDLE_LOADER = "$(TEST_HOST)";
				FRAMEWORK_SEARCH_PATHS = (
					"$(SDKROOT)/Developer/Library/Frameworks",
					"$(inherited)",
				);
				INFOPLIST_FILE = SwiftPopTipViewTests/Info.plist;
				LD_RUNPATH_SEARCH_PATHS = "$(inherited) @executable_path/Frameworks @loader_path/Frameworks";
				PRODUCT_NAME = "$(TARGET_NAME)";
				SWIFT_VERSION = 3.0;
				TEST_HOST = "$(BUILT_PRODUCTS_DIR)/SwiftPopTipView.app/SwiftPopTipView";
			};
			name = Release;
		};
/* End XCBuildConfiguration section */

/* Begin XCConfigurationList section */
		4780D0121A43A03100E43757 /* Build configuration list for PBXProject "SwiftPopTipView" */ = {
			isa = XCConfigurationList;
			buildConfigurations = (
				4780D0341A43A03100E43757 /* Debug */,
				4780D0351A43A03100E43757 /* Release */,
			);
			defaultConfigurationIsVisible = 0;
			defaultConfigurationName = Release;
		};
		4780D0361A43A03100E43757 /* Build configuration list for PBXNativeTarget "SwiftPopTipView" */ = {
			isa = XCConfigurationList;
			buildConfigurations = (
				4780D0371A43A03100E43757 /* Debug */,
				4780D0381A43A03100E43757 /* Release */,
			);
			defaultConfigurationIsVisible = 0;
			defaultConfigurationName = Release;
		};
		4780D0391A43A03100E43757 /* Build configuration list for PBXNativeTarget "SwiftPopTipViewTests" */ = {
			isa = XCConfigurationList;
			buildConfigurations = (
				4780D03A1A43A03100E43757 /* Debug */,
				4780D03B1A43A03100E43757 /* Release */,
			);
			defaultConfigurationIsVisible = 0;
			defaultConfigurationName = Release;
		};
/* End XCConfigurationList section */
	};
	rootObject = 4780D00F1A43A03100E43757 /* Project object */;
}
